# This file is automatically @generated by Cargo.
# It is not intended for manual editing.
version = 4

[[package]]
name = "dv-frames"
version = "0.0.1"
dependencies = [
 "dv-math",
 "dv-units",
]

[[package]]
name = "dv-math"
version = "0.0.1"
dependencies = [
 "dv-units",
]

[[package]]
name = "dv-mechanics"
version = "0.0.1"
dependencies = [
 "dv-math",
 "dv-units",
]

[[package]]
name = "dv-numerics"
version = "0.0.1"
dependencies = [
 "dv-math",
]

[[package]]
name = "dv-orbit"
version = "0.0.1"
dependencies = [
 "dv-math",
 "dv-numerics",
 "dv-units",
]

[[package]]
name = "dv-units"
version = "0.0.1"
